
Microsoft Visual Studio Solution File, Format Version 12.00
# Visual Studio Version 16
VisualStudioVersion = 16.0.30413.136
MinimumVisualStudioVersion = 10.0.40219.1
Project("{FAE04EC0-301F-11D3-BF4B-00C04F79EFBC}") = "專題負責GoogleMap頁面", "專題負責GoogleMap頁面\專題負責GoogleMap頁面.csproj", "{8DA7AD55-5184-4579-96B5-283EC5859757}"
EndProject
Global
	GlobalSection(SolutionConfigurationPlatforms) = preSolution
		Debug|Any CPU = Debug|Any CPU
		Release|Any CPU = Release|Any CPU
	EndGlobalSection
	GlobalSection(ProjectConfigurationPlatforms) = postSolution
		{8DA7AD55-5184-4579-96B5-283EC5859757}.Debug|Any CPU.ActiveCfg = Debug|Any CPU
		{8DA7AD55-5184-4579-96B5-283EC5859757}.Debug|Any CPU.Build.0 = Debug|Any CPU
		{8DA7AD55-5184-4579-96B5-283EC5859757}.Release|Any CPU.ActiveCfg = Release|Any CPU
		{8DA7AD55-5184-4579-96B5-283EC5859757}.Release|Any CPU.Build.0 = Release|Any CPU
	EndGlobalSection
	GlobalSection(SolutionProperties) = preSolution
		HideSolutionNode = FALSE
	EndGlobalSection
	GlobalSection(ExtensibilityGlobals) = postSolution
		SolutionGuid = {C0AC2BB1-5C48-4EBF-95DC-FE00615F51E1}
	EndGlobalSection
EndGlobal
